
Microsoft Visual Studio Solution File, Format Version 11.00
# Visual Studio 2010
Project("{E24C65DC-7377-472B-9ABA-BC803B73C61A}") = "Web", "Web\", "{23FC3E37-33A8-4390-9949-7860A0FC8760}"
	ProjectSection(WebsiteProperties) = preProject
		TargetFrameworkMoniker = ".NETFramework,Version%3Dv4.0"
		ProjectReferences = "{77CFA8D8-EAC0-4796-9AAE-093EDEA0AD24}|ClassLibrary1.dll;"
		Debug.AspNetCompiler.VirtualPath = "/Web"
		Debug.AspNetCompiler.PhysicalPath = "Web\"
		Debug.AspNetCompiler.TargetPath = "PrecompiledWeb\Web\"
		Debug.AspNetCompiler.Updateable = "true"
		Debug.AspNetCompiler.ForceOverwrite = "true"
		Debug.AspNetCompiler.FixedNames = "false"
		Debug.AspNetCompiler.Debug = "True"
		Release.AspNetCompiler.VirtualPath = "/Web"
		Release.AspNetCompiler.PhysicalPath = "Web\"
		Release.AspNetCompiler.TargetPath = "PrecompiledWeb\Web\"
		Release.AspNetCompiler.Updateable = "true"
		Release.AspNetCompiler.ForceOverwrite = "true"
		Release.AspNetCompiler.FixedNames = "false"
		Release.AspNetCompiler.Debug = "False"
		VWDPort = "44829"
		DefaultWebSiteLanguage = "Visual C#"
	EndProjectSection
EndProject
Project("{FAE04EC0-301F-11D3-BF4B-00C04F79EFBC}") = "Groupdocs.EmbedViewer", "ClassLibrary1\Groupdocs.EmbedViewer.csproj", "{77CFA8D8-EAC0-4796-9AAE-093EDEA0AD24}"
EndProject
Global
	GlobalSection(SolutionConfigurationPlatforms) = preSolution
		Debug|Any CPU = Debug|Any CPU
		Release|Any CPU = Release|Any CPU
	EndGlobalSection
	GlobalSection(ProjectConfigurationPlatforms) = postSolution
		{23FC3E37-33A8-4390-9949-7860A0FC8760}.Debug|Any CPU.ActiveCfg = Debug|Any CPU
		{23FC3E37-33A8-4390-9949-7860A0FC8760}.Debug|Any CPU.Build.0 = Debug|Any CPU
		{23FC3E37-33A8-4390-9949-7860A0FC8760}.Release|Any CPU.ActiveCfg = Debug|Any CPU
		{23FC3E37-33A8-4390-9949-7860A0FC8760}.Release|Any CPU.Build.0 = Debug|Any CPU
		{77CFA8D8-EAC0-4796-9AAE-093EDEA0AD24}.Debug|Any CPU.ActiveCfg = Debug|Any CPU
		{77CFA8D8-EAC0-4796-9AAE-093EDEA0AD24}.Debug|Any CPU.Build.0 = Debug|Any CPU
		{77CFA8D8-EAC0-4796-9AAE-093EDEA0AD24}.Release|Any CPU.ActiveCfg = Release|Any CPU
		{77CFA8D8-EAC0-4796-9AAE-093EDEA0AD24}.Release|Any CPU.Build.0 = Release|Any CPU
	EndGlobalSection
	GlobalSection(SolutionProperties) = preSolution
		HideSolutionNode = FALSE
	EndGlobalSection
EndGlobal
